
Microsoft Visual Studio Solution File, Format Version 12.00
# Visual Studio 2012
Project("{FAE04EC0-301F-11D3-BF4B-00C04F79EFBC}") = "ImageViewer", "ImageViewer\ImageViewer.csproj", "{521CAD4A-5BE9-47ED-9DBC-E22A6A49DAA4}"
EndProject
Global
	GlobalSection(SolutionConfigurationPlatforms) = preSolution
		Debug|Any CPU = Debug|Any CPU
		Release|Any CPU = Release|Any CPU
	EndGlobalSection
	GlobalSection(ProjectConfigurationPlatforms) = postSolution
		{521CAD4A-5BE9-47ED-9DBC-E22A6A49DAA4}.Debug|Any CPU.ActiveCfg = Debug|Any CPU
		{521CAD4A-5BE9-47ED-9DBC-E22A6A49DAA4}.Debug|Any CPU.Build.0 = Debug|Any CPU
		{521CAD4A-5BE9-47ED-9DBC-E22A6A49DAA4}.Release|Any CPU.ActiveCfg = Release|Any CPU
		{521CAD4A-5BE9-47ED-9DBC-E22A6A49DAA4}.Release|Any CPU.Build.0 = Release|Any CPU
	EndGlobalSection
	GlobalSection(SolutionProperties) = preSolution
		HideSolutionNode = FALSE
	EndGlobalSection
EndGlobal
